// !$*UTF8*$!
{
	archiveVersion = 1;
	classes = {
	};
	objectVersion = 55;
	objects = {

/* Begin PBXBuildFile section */
		7F81571D28258C4F00965039 /* DEATH-NOTE-B.ttf in Resources */ = {isa = PBXBuildFile; fileRef = 7F81571C28258C4F00965039 /* DEATH-NOTE-B.ttf */; };
		7F8157202825B16300965039 /* HowToUseItView.swift in Sources */ = {isa = PBXBuildFile; fileRef = 7F81571F2825B16300965039 /* HowToUseItView.swift */; };
		7F834CFB281F00C200D807FB /* MyCustomMemoApp.swift in Sources */ = {isa = PBXBuildFile; fileRef = 7F834CFA281F00C200D807FB /* MyCustomMemoApp.swift */; };
		7F834CFF281F00C400D807FB /* Assets.xcassets in Resources */ = {isa = PBXBuildFile; fileRef = 7F834CFE281F00C400D807FB /* Assets.xcassets */; };
		7F834D02281F00C400D807FB /* Preview Assets.xcassets in Resources */ = {isa = PBXBuildFile; fileRef = 7F834D01281F00C400D807FB /* Preview Assets.xcassets */; };
		7F834D04281F00C400D807FB /* Persistence.swift in Sources */ = {isa = PBXBuildFile; fileRef = 7F834D03281F00C400D807FB /* Persistence.swift */; };
		7F834D07281F00C400D807FB /* MemoEntity.xcdatamodeld in Sources */ = {isa = PBXBuildFile; fileRef = 7F834D05281F00C400D807FB /* MemoEntity.xcdatamodeld */; };
		7F834D0E281F019000D807FB /* MainList.swift in Sources */ = {isa = PBXBuildFile; fileRef = 7F834D0D281F019000D807FB /* MainList.swift */; };
		7F834D13281F022A00D807FB /* Memo.swift in Sources */ = {isa = PBXBuildFile; fileRef = 7F834D12281F022A00D807FB /* Memo.swift */; };
		7F834D15281F199E00D807FB /* MemoStore.swift in Sources */ = {isa = PBXBuildFile; fileRef = 7F834D14281F199E00D807FB /* MemoStore.swift */; };
		7F834D17281F288B00D807FB /* MemoCell.swift in Sources */ = {isa = PBXBuildFile; fileRef = 7F834D16281F288B00D807FB /* MemoCell.swift */; };
		7F834D19281F29F900D807FB /* MemoEdit.swift in Sources */ = {isa = PBXBuildFile; fileRef = 7F834D18281F29F900D807FB /* MemoEdit.swift */; };
		7FADFB8B281FB6BC00436F87 /* MemoRead.swift in Sources */ = {isa = PBXBuildFile; fileRef = 7FADFB8A281FB6BC00436F87 /* MemoRead.swift */; };
/* End PBXBuildFile section */

/* Begin PBXFileReference section */
		7F81571C28258C4F00965039 /* DEATH-NOTE-B.ttf */ = {isa = PBXFileReference; lastKnownFileType = file; path = "DEATH-NOTE-B.ttf"; sourceTree = "<group>"; };
		7F81571E28258CCC00965039 /* Info.plist */ = {isa = PBXFileReference; lastKnownFileType = text.plist; path = Info.plist; sourceTree = "<group>"; };
		7F81571F2825B16300965039 /* HowToUseItView.swift */ = {isa = PBXFileReference; lastKnownFileType = sourcecode.swift; path = HowToUseItView.swift; sourceTree = "<group>"; };
		7F834CF7281F00C200D807FB /* MyCustomMemo.app */ = {isa = PBXFileReference; explicitFileType = wrapper.application; includeInIndex = 0; path = MyCustomMemo.app; sourceTree = BUILT_PRODUCTS_DIR; };
		7F834CFA281F00C200D807FB /* MyCustomMemoApp.swift */ = {isa = PBXFileReference; lastKnownFileType = sourcecode.swift; path = MyCustomMemoApp.swift; sourceTree = "<group>"; };
		7F834CFE281F00C400D807FB /* Assets.xcassets */ = {isa = PBXFileReference; lastKnownFileType = folder.assetcatalog; path = Assets.xcassets; sourceTree = "<group>"; };
		7F834D01281F00C400D807FB /* Preview Assets.xcassets */ = {isa = PBXFileReference; lastKnownFileType = folder.assetcatalog; path = "Preview Assets.xcassets"; sourceTree = "<group>"; };
		7F834D03281F00C400D807FB /* Persistence.swift */ = {isa = PBXFileReference; lastKnownFileType = sourcecode.swift; path = Persistence.swift; sourceTree = "<group>"; };
		7F834D06281F00C400D807FB /* MyCustomMemo.xcdatamodel */ = {isa = PBXFileReference; lastKnownFileType = wrapper.xcdatamodel; path = MyCustomMemo.xcdatamodel; sourceTree = "<group>"; };
		7F834D0D281F019000D807FB /* MainList.swift */ = {isa = PBXFileReference; lastKnownFileType = sourcecode.swift; path = MainList.swift; sourceTree = "<group>"; };
		7F834D12281F022A00D807FB /* Memo.swift */ = {isa = PBXFileReference; lastKnownFileType = sourcecode.swift; path = Memo.swift; sourceTree = "<group>"; };
		7F834D14281F199E00D807FB /* MemoStore.swift */ = {isa = PBXFileReference; lastKnownFileType = sourcecode.swift; path = MemoStore.swift; sourceTree = "<group>"; };
		7F834D16281F288B00D807FB /* MemoCell.swift */ = {isa = PBXFileReference; lastKnownFileType = sourcecode.swift; path = MemoCell.swift; sourceTree = "<group>"; };
		7F834D18281F29F900D807FB /* MemoEdit.swift */ = {isa = PBXFileReference; lastKnownFileType = sourcecode.swift; path = MemoEdit.swift; sourceTree = "<group>"; };
		7FADFB8A281FB6BC00436F87 /* MemoRead.swift */ = {isa = PBXFileReference; lastKnownFileType = sourcecode.swift; path = MemoRead.swift; sourceTree = "<group>"; };
/* End PBXFileReference section */

/* Begin PBXFrameworksBuildPhase section */
		7F834CF4281F00C200D807FB /* Frameworks */ = {
			isa = PBXFrameworksBuildPhase;
			buildActionMask = 2147483647;
			files = (
			);
			runOnlyForDeploymentPostprocessing = 0;
		};
/* End PBXFrameworksBuildPhase section */

/* Begin PBXGroup section */
		7F81571B28258BC400965039 /* Fonts */ = {
			isa = PBXGroup;
			children = (
				7F81571C28258C4F00965039 /* DEATH-NOTE-B.ttf */,
			);
			path = Fonts;
			sourceTree = "<group>";
		};
		7F834CEE281F00C200D807FB = {
			isa = PBXGroup;
			children = (
				7F834CF9281F00C200D807FB /* MyCustomMemo */,
				7F834CF8281F00C200D807FB /* Products */,
			);
			sourceTree = "<group>";
		};
		7F834CF8281F00C200D807FB /* Products */ = {
			isa = PBXGroup;
			children = (
				7F834CF7281F00C200D807FB /* MyCustomMemo.app */,
			);
			name = Products;
			sourceTree = "<group>";
		};
		7F834CF9281F00C200D807FB /* MyCustomMemo */ = {
			isa = PBXGroup;
			children = (
				7F81571E28258CCC00965039 /* Info.plist */,
				7F834CFA281F00C200D807FB /* MyCustomMemoApp.swift */,
				7F834CFE281F00C400D807FB /* Assets.xcassets */,
				7F834D10281F01BB00D807FB /* CoreData */,
				7F834D11281F01C700D807FB /* Memory */,
				7F834D0F281F019400D807FB /* View */,
				7F81571B28258BC400965039 /* Fonts */,
				7F834D00281F00C400D807FB /* Preview Content */,
			);
			path = MyCustomMemo;
			sourceTree = "<group>";
		};
		7F834D00281F00C400D807FB /* Preview Content */ = {
			isa = PBXGroup;
			children = (
				7F834D01281F00C400D807FB /* Preview Assets.xcassets */,
			);
			path = "Preview Content";
			sourceTree = "<group>";
		};
		7F834D0F281F019400D807FB /* View */ = {
			isa = PBXGroup;
			children = (
				7F834D0D281F019000D807FB /* MainList.swift */,
				7F834D18281F29F900D807FB /* MemoEdit.swift */,
				7F81571F2825B16300965039 /* HowToUseItView.swift */,
				7F834D16281F288B00D807FB /* MemoCell.swift */,
				7FADFB8A281FB6BC00436F87 /* MemoRead.swift */,
			);
			path = View;
			sourceTree = "<group>";
		};
		7F834D10281F01BB00D807FB /* CoreData */ = {
			isa = PBXGroup;
			children = (
				7F834D03281F00C400D807FB /* Persistence.swift */,
				7F834D05281F00C400D807FB /* MemoEntity.xcdatamodeld */,
			);
			path = CoreData;
			sourceTree = "<group>";
		};
		7F834D11281F01C700D807FB /* Memory */ = {
			isa = PBXGroup;
			children = (
				7F834D12281F022A00D807FB /* Memo.swift */,
				7F834D14281F199E00D807FB /* MemoStore.swift */,
			);
			path = Memory;
			sourceTree = "<group>";
		};
/* End PBXGroup section */

/* Begin PBXNativeTarget section */
		7F834CF6281F00C200D807FB /* MyCustomMemo */ = {
			isa = PBXNativeTarget;
			buildConfigurationList = 7F834D0A281F00C400D807FB /* Build configuration list for PBXNativeTarget "MyCustomMemo" */;
			buildPhases = (
				7F834CF3281F00C200D807FB /* Sources */,
				7F834CF4281F00C200D807FB /* Frameworks */,
				7F834CF5281F00C200D807FB /* Resources */,
			);
			buildRules = (
			);
			dependencies = (
			);
			name = MyCustomMemo;
			productName = MyCustomMemo;
			productReference = 7F834CF7281F00C200D807FB /* MyCustomMemo.app */;
			productType = "com.apple.product-type.application";
		};
/* End PBXNativeTarget section */

/* Begin PBXProject section */
		7F834CEF281F00C200D807FB /* Project object */ = {
			isa = PBXProject;
			attributes = {
				BuildIndependentTargetsInParallel = 1;
				LastSwiftUpdateCheck = 1330;
				LastUpgradeCheck = 1330;
				TargetAttributes = {
					7F834CF6281F00C200D807FB = {
						CreatedOnToolsVersion = 13.3.1;
					};
				};
			};
			buildConfigurationList = 7F834CF2281F00C200D807FB /* Build configuration list for PBXProject "MyCustomMemo" */;
			compatibilityVersion = "Xcode 13.0";
			developmentRegion = en;
			hasScannedForEncodings = 0;
			knownRegions = (
				en,
				Base,
			);
			mainGroup = 7F834CEE281F00C200D807FB;
			productRefGroup = 7F834CF8281F00C200D807FB /* Products */;
			projectDirPath = "";
			projectRoot = "";
			targets = (
				7F834CF6281F00C200D807FB /* MyCustomMemo */,
			);
		};
/* End PBXProject section */

/* Begin PBXResourcesBuildPhase section */
		7F834CF5281F00C200D807FB /* Resources */ = {
			isa = PBXResourcesBuildPhase;
			buildActionMask = 2147483647;
			files = (
				7F834D02281F00C400D807FB /* Preview Assets.xcassets in Resources */,
				7F834CFF281F00C400D807FB /* Assets.xcassets in Resources */,
				7F81571D28258C4F00965039 /* DEATH-NOTE-B.ttf in Resources */,
			);
			runOnlyForDeploymentPostprocessing = 0;
		};
/* End PBXResourcesBuildPhase section */

/* Begin PBXSourcesBuildPhase section */
		7F834CF3281F00C200D807FB /* Sources */ = {
			isa = PBXSourcesBuildPhase;
			buildActionMask = 2147483647;
			files = (
				7F834D17281F288B00D807FB /* MemoCell.swift in Sources */,
				7F834D07281F00C400D807FB /* MemoEntity.xcdatamodeld in Sources */,
				7FADFB8B281FB6BC00436F87 /* MemoRead.swift in Sources */,
				7F834D15281F199E00D807FB /* MemoStore.swift in Sources */,
				7F834D04281F00C400D807FB /* Persistence.swift in Sources */,
				7F834D0E281F019000D807FB /* MainList.swift in Sources */,
				7F834D19281F29F900D807FB /* MemoEdit.swift in Sources */,
				7F8157202825B16300965039 /* HowToUseItView.swift in Sources */,
				7F834CFB281F00C200D807FB /* MyCustomMemoApp.swift in Sources */,
				7F834D13281F022A00D807FB /* Memo.swift in Sources */,
			);
			runOnlyForDeploymentPostprocessing = 0;
		};
/* End PBXSourcesBuildPhase section */

/* Begin XCBuildConfiguration section */
		7F834D08281F00C400D807FB /* Debug */ = {
			isa = XCBuildConfiguration;
			buildSettings = {
				ALWAYS_SEARCH_USER_PATHS = NO;
				CLANG_ANALYZER_NONNULL = YES;
				CLANG_ANALYZER_NUMBER_OBJECT_CONVERSION = YES_AGGRESSIVE;
				CLANG_CXX_LANGUAGE_STANDARD = "gnu++17";
				CLANG_ENABLE_MODULES = YES;
				CLANG_ENABLE_OBJC_ARC = YES;
				CLANG_ENABLE_OBJC_WEAK = YES;
				CLANG_WARN_BLOCK_CAPTURE_AUTORELEASING = YES;
				CLANG_WARN_BOOL_CONVERSION = YES;
				CLANG_WARN_COMMA = YES;
				CLANG_WARN_CONSTANT_CONVERSION = YES;
				CLANG_WARN_DEPRECATED_OBJC_IMPLEMENTATIONS = YES;
				CLANG_WARN_DIRECT_OBJC_ISA_USAGE = YES_ERROR;
				CLANG_WARN_DOCUMENTATION_COMMENTS = YES;
				CLANG_WARN_EMPTY_BODY = YES;
				CLANG_WARN_ENUM_CONVERSION = YES;
				CLANG_WARN_INFINITE_RECURSION = YES;
				CLANG_WARN_INT_CONVERSION = YES;
				CLANG_WARN_NON_LITERAL_NULL_CONVERSION = YES;
				CLANG_WARN_OBJC_IMPLICIT_RETAIN_SELF = YES;
				CLANG_WARN_OBJC_LITERAL_CONVERSION = YES;
				CLANG_WARN_OBJC_ROOT_CLASS = YES_ERROR;
				CLANG_WARN_QUOTED_INCLUDE_IN_FRAMEWORK_HEADER = YES;
				CLANG_WARN_RANGE_LOOP_ANALYSIS = YES;
				CLANG_WARN_STRICT_PROTOTYPES = YES;
				CLANG_WARN_SUSPICIOUS_MOVE = YES;
				CLANG_WARN_UNGUARDED_AVAILABILITY = YES_AGGRESSIVE;
				CLANG_WARN_UNREACHABLE_CODE = YES;
				CLANG_WARN__DUPLICATE_METHOD_MATCH = YES;
				COPY_PHASE_STRIP = NO;
				DEBUG_INFORMATION_FORMAT = dwarf;
				ENABLE_STRICT_OBJC_MSGSEND = YES;
				ENABLE_TESTABILITY = YES;
				GCC_C_LANGUAGE_STANDARD = gnu11;
				GCC_DYNAMIC_NO_PIC = NO;
				GCC_NO_COMMON_BLOCKS = YES;
				GCC_OPTIMIZATION_LEVEL = 0;
				GCC_PREPROCESSOR_DEFINITIONS = (
					"DEBUG=1",
					"$(inherited)",
				);
				GCC_WARN_64_TO_32_BIT_CONVERSION = YES;
				GCC_WARN_ABOUT_RETURN_TYPE = YES_ERROR;
				GCC_WARN_UNDECLARED_SELECTOR = YES;
				GCC_WARN_UNINITIALIZED_AUTOS = YES_AGGRESSIVE;
				GCC_WARN_UNUSED_FUNCTION = YES;
				GCC_WARN_UNUSED_VARIABLE = YES;
				IPHONEOS_DEPLOYMENT_TARGET = 15.4;
				MTL_ENABLE_DEBUG_INFO = INCLUDE_SOURCE;
				MTL_FAST_MATH = YES;
				ONLY_ACTIVE_ARCH = YES;
				SDKROOT = iphoneos;
				SWIFT_ACTIVE_COMPILATION_CONDITIONS = DEBUG;
				SWIFT_OPTIMIZATION_LEVEL = "-Onone";
			};
			name = Debug;
		};
		7F834D09281F00C400D807FB /* Release */ = {
			isa = XCBuildConfiguration;
			buildSettings = {
				ALWAYS_SEARCH_USER_PATHS = NO;
				CLANG_ANALYZER_NONNULL = YES;
				CLANG_ANALYZER_NUMBER_OBJECT_CONVERSION = YES_AGGRESSIVE;
				CLANG_CXX_LANGUAGE_STANDARD = "gnu++17";
				CLANG_ENABLE_MODULES = YES;
				CLANG_ENABLE_OBJC_ARC = YES;
				CLANG_ENABLE_OBJC_WEAK = YES;
				CLANG_WARN_BLOCK_CAPTURE_AUTORELEASING = YES;
				CLANG_WARN_BOOL_CONVERSION = YES;
				CLANG_WARN_COMMA = YES;
				CLANG_WARN_CONSTANT_CONVERSION = YES;
				CLANG_WARN_DEPRECATED_OBJC_IMPLEMENTATIONS = YES;
				CLANG_WARN_DIRECT_OBJC_ISA_USAGE = YES_ERROR;
				CLANG_WARN_DOCUMENTATION_COMMENTS = YES;
				CLANG_WARN_EMPTY_BODY = YES;
				CLANG_WARN_ENUM_CONVERSION = YES;
				CLANG_WARN_INFINITE_RECURSION = YES;
				CLANG_WARN_INT_CONVERSION = YES;
				CLANG_WARN_NON_LITERAL_NULL_CONVERSION = YES;
				CLANG_WARN_OBJC_IMPLICIT_RETAIN_SELF = YES;
				CLANG_WARN_OBJC_LITERAL_CONVERSION = YES;
				CLANG_WARN_OBJC_ROOT_CLASS = YES_ERROR;
				CLANG_WARN_QUOTED_INCLUDE_IN_FRAMEWORK_HEADER = YES;
				CLANG_WARN_RANGE_LOOP_ANALYSIS = YES;
				CLANG_WARN_STRICT_PROTOTYPES = YES;
				CLANG_WARN_SUSPICIOUS_MOVE = YES;
				CLANG_WARN_UNGUARDED_AVAILABILITY = YES_AGGRESSIVE;
				CLANG_WARN_UNREACHABLE_CODE = YES;
				CLANG_WARN__DUPLICATE_METHOD_MATCH = YES;
				COPY_PHASE_STRIP = NO;
				DEBUG_INFORMATION_FORMAT = "dwarf-with-dsym";
				ENABLE_NS_ASSERTIONS = NO;
				ENABLE_STRICT_OBJC_MSGSEND = YES;
				GCC_C_LANGUAGE_STANDARD = gnu11;
				GCC_NO_COMMON_BLOCKS = YES;
				GCC_WARN_64_TO_32_BIT_CONVERSION = YES;
				GCC_WARN_ABOUT_RETURN_TYPE = YES_ERROR;
				GCC_WARN_UNDECLARED_SELECTOR = YES;
				GCC_WARN_UNINITIALIZED_AUTOS = YES_AGGRESSIVE;
				GCC_WARN_UNUSED_FUNCTION = YES;
				GCC_WARN_UNUSED_VARIABLE = YES;
				IPHONEOS_DEPLOYMENT_TARGET = 15.4;
				MTL_ENABLE_DEBUG_INFO = NO;
				MTL_FAST_MATH = YES;
				SDKROOT = iphoneos;
				SWIFT_COMPILATION_MODE = wholemodule;
				SWIFT_OPTIMIZATION_LEVEL = "-O";
				VALIDATE_PRODUCT = YES;
			};
			name = Release;
		};
		7F834D0B281F00C400D807FB /* Debug */ = {
			isa = XCBuildConfiguration;
			buildSettings = {
				ASSETCATALOG_COMPILER_APPICON_NAME = AppIcon;
				ASSETCATALOG_COMPILER_GLOBAL_ACCENT_COLOR_NAME = AccentColor;
				CODE_SIGN_STYLE = Automatic;
				CURRENT_PROJECT_VERSION = 1;
				DEVELOPMENT_ASSET_PATHS = "\"MyCustomMemo/Preview Content\"";
				DEVELOPMENT_TEAM = JSZ2KS27AG;
				ENABLE_PREVIEWS = YES;
				GENERATE_INFOPLIST_FILE = YES;
				INFOPLIST_FILE = MyCustomMemo/Info.plist;
				INFOPLIST_KEY_UIApplicationSceneManifest_Generation = YES;
				INFOPLIST_KEY_UIApplicationSupportsIndirectInputEvents = YES;
				INFOPLIST_KEY_UILaunchScreen_Generation = YES;
				INFOPLIST_KEY_UISupportedInterfaceOrientations_iPad = "UIInterfaceOrientationPortrait UIInterfaceOrientationPortraitUpsideDown UIInterfaceOrientationLandscapeLeft UIInterfaceOrientationLandscapeRight";
				INFOPLIST_KEY_UISupportedInterfaceOrientations_iPhone = "UIInterfaceOrientationPortrait UIInterfaceOrientationLandscapeLeft UIInterfaceOrientationLandscapeRight";
				LD_RUNPATH_SEARCH_PATHS = (
					"$(inherited)",
					"@executable_path/Frameworks",
				);
				MARKETING_VERSION = 1.0;
				PRODUCT_BUNDLE_IDENTIFIER = threegod1108.MyCustomMemo;
				PRODUCT_NAME = "$(TARGET_NAME)";
				SWIFT_EMIT_LOC_STRINGS = YES;
				SWIFT_VERSION = 5.0;
				TARGETED_DEVICE_FAMILY = "1,2";
			};
			name = Debug;
		};
		7F834D0C281F00C400D807FB /* Release */ = {
			isa = XCBuildConfiguration;
			buildSettings = {
				ASSETCATALOG_COMPILER_APPICON_NAME = AppIcon;
				ASSETCATALOG_COMPILER_GLOBAL_ACCENT_COLOR_NAME = AccentColor;
				CODE_SIGN_STYLE = Automatic;
				CURRENT_PROJECT_VERSION = 1;
				DEVELOPMENT_ASSET_PATHS = "\"MyCustomMemo/Preview Content\"";
				DEVELOPMENT_TEAM = JSZ2KS27AG;
				ENABLE_PREVIEWS = YES;
				GENERATE_INFOPLIST_FILE = YES;
				INFOPLIST_FILE = MyCustomMemo/Info.plist;
				INFOPLIST_KEY_UIApplicationSceneManifest_Generation = YES;
				INFOPLIST_KEY_UIApplicationSupportsIndirectInputEvents = YES;
				INFOPLIST_KEY_UILaunchScreen_Generation = YES;
				INFOPLIST_KEY_UISupportedInterfaceOrientations_iPad = "UIInterfaceOrientationPortrait UIInterfaceOrientationPortraitUpsideDown UIInterfaceOrientationLandscapeLeft UIInterfaceOrientationLandscapeRight";
				INFOPLIST_KEY_UISupportedInterfaceOrientations_iPhone = "UIInterfaceOrientationPortrait UIInterfaceOrientationLandscapeLeft UIInterfaceOrientationLandscapeRight";
				LD_RUNPATH_SEARCH_PATHS = (
					"$(inherited)",
					"@executable_path/Frameworks",
				);
				MARKETING_VERSION = 1.0;
				PRODUCT_BUNDLE_IDENTIFIER = threegod1108.MyCustomMemo;
				PRODUCT_NAME = "$(TARGET_NAME)";
				SWIFT_EMIT_LOC_STRINGS = YES;
				SWIFT_VERSION = 5.0;
				TARGETED_DEVICE_FAMILY = "1,2";
			};
			name = Release;
		};
/* End XCBuildConfiguration section */

/* Begin XCConfigurationList section */
		7F834CF2281F00C200D807FB /* Build configuration list for PBXProject "MyCustomMemo" */ = {
			isa = XCConfigurationList;
			buildConfigurations = (
				7F834D08281F00C400D807FB /* Debug */,
				7F834D09281F00C400D807FB /* Release */,
			);
			defaultConfigurationIsVisible = 0;
			defaultConfigurationName = Release;
		};
		7F834D0A281F00C400D807FB /* Build configuration list for PBXNativeTarget "MyCustomMemo" */ = {
			isa = XCConfigurationList;
			buildConfigurations = (
				7F834D0B281F00C400D807FB /* Debug */,
				7F834D0C281F00C400D807FB /* Release */,
			);
			defaultConfigurationIsVisible = 0;
			defaultConfigurationName = Release;
		};
/* End XCConfigurationList section */

/* Begin XCVersionGroup section */
		7F834D05281F00C400D807FB /* MemoEntity.xcdatamodeld */ = {
			isa = XCVersionGroup;
			children = (
				7F834D06281F00C400D807FB /* MyCustomMemo.xcdatamodel */,
			);
			currentVersion = 7F834D06281F00C400D807FB /* MyCustomMemo.xcdatamodel */;
			path = MemoEntity.xcdatamodeld;
			sourceTree = "<group>";
			versionGroupType = wrapper.xcdatamodel;
		};
/* End XCVersionGroup section */
	};
	rootObject = 7F834CEF281F00C200D807FB /* Project object */;
}
